
Microsoft Visual Studio Solution File, Format Version 12.00
# Visual Studio Version 16
VisualStudioVersion = 16.0.30413.136
MinimumVisualStudioVersion = 10.0.40219.1
Project("{FAE04EC0-301F-11D3-BF4B-00C04F79EFBC}") = "SportsCashier.Android", "SportsCashier\SportsCashier.Android\SportsCashier.Android.csproj", "{47B584A6-34FF-4964-9772-F74B3B143A40}"
EndProject
Project("{FAE04EC0-301F-11D3-BF4B-00C04F79EFBC}") = "SportsCashier.iOS", "SportsCashier\SportsCashier.iOS\SportsCashier.iOS.csproj", "{F30B056F-6592-47B5-9DF9-692321052AA1}"
EndProject
Project("{9A19103F-16F7-4668-BE54-9A1E7A4F7556}") = "SportsCashier", "SportsCashier\SportsCashier\SportsCashier.csproj", "{D12411D9-D1A0-4957-82BD-DDE07FF8C756}"
EndProject
Project("{9A19103F-16F7-4668-BE54-9A1E7A4F7556}") = "DataBase", "DataBase\DataBase.csproj", "{9EAB51DF-5D35-40E5-92B2-00206F3EB440}"
EndProject
Global
	GlobalSection(SolutionConfigurationPlatforms) = preSolution
		Debug|Any CPU = Debug|Any CPU
		Debug|iPhone = Debug|iPhone
		Debug|iPhoneSimulator = Debug|iPhoneSimulator
		Release|Any CPU = Release|Any CPU
		Release|iPhone = Release|iPhone
		Release|iPhoneSimulator = Release|iPhoneSimulator
	EndGlobalSection
	GlobalSection(ProjectConfigurationPlatforms) = postSolution
		{47B584A6-34FF-4964-9772-F74B3B143A40}.Debug|Any CPU.ActiveCfg = Debug|Any CPU
		{47B584A6-34FF-4964-9772-F74B3B143A40}.Debug|Any CPU.Build.0 = Debug|Any CPU
		{47B584A6-34FF-4964-9772-F74B3B143A40}.Debug|Any CPU.Deploy.0 = Debug|Any CPU
		{47B584A6-34FF-4964-9772-F74B3B143A40}.Debug|iPhone.ActiveCfg = Debug|Any CPU
		{47B584A6-34FF-4964-9772-F74B3B143A40}.Debug|iPhone.Build.0 = Debug|Any CPU
		{47B584A6-34FF-4964-9772-F74B3B143A40}.Debug|iPhone.Deploy.0 = Debug|Any CPU
		{47B584A6-34FF-4964-9772-F74B3B143A40}.Debug|iPhoneSimulator.ActiveCfg = Debug|Any CPU
		{47B584A6-34FF-4964-9772-F74B3B143A40}.Debug|iPhoneSimulator.Build.0 = Debug|Any CPU
		{47B584A6-34FF-4964-9772-F74B3B143A40}.Debug|iPhoneSimulator.Deploy.0 = Debug|Any CPU
		{47B584A6-34FF-4964-9772-F74B3B143A40}.Release|Any CPU.ActiveCfg = Release|Any CPU
		{47B584A6-34FF-4964-9772-F74B3B143A40}.Release|Any CPU.Build.0 = Release|Any CPU
		{47B584A6-34FF-4964-9772-F74B3B143A40}.Release|Any CPU.Deploy.0 = Release|Any CPU
		{47B584A6-34FF-4964-9772-F74B3B143A40}.Release|iPhone.ActiveCfg = Release|Any CPU
		{47B584A6-34FF-4964-9772-F74B3B143A40}.Release|iPhone.Build.0 = Release|Any CPU
		{47B584A6-34FF-4964-9772-F74B3B143A40}.Release|iPhone.Deploy.0 = Release|Any CPU
		{47B584A6-34FF-4964-9772-F74B3B143A40}.Release|iPhoneSimulator.ActiveCfg = Release|Any CPU
		{47B584A6-34FF-4964-9772-F74B3B143A40}.Release|iPhoneSimulator.Build.0 = Release|Any CPU
		{47B584A6-34FF-4964-9772-F74B3B143A40}.Release|iPhoneSimulator.Deploy.0 = Release|Any CPU
		{F30B056F-6592-47B5-9DF9-692321052AA1}.Debug|Any CPU.ActiveCfg = Debug|iPhoneSimulator
		{F30B056F-6592-47B5-9DF9-692321052AA1}.Debug|Any CPU.Deploy.0 = Debug|iPhoneSimulator
		{F30B056F-6592-47B5-9DF9-692321052AA1}.Debug|iPhone.ActiveCfg = Debug|iPhone
		{F30B056F-6592-47B5-9DF9-692321052AA1}.Debug|iPhone.Build.0 = Debug|iPhone
		{F30B056F-6592-47B5-9DF9-692321052AA1}.Debug|iPhone.Deploy.0 = Debug|iPhone
		{F30B056F-6592-47B5-9DF9-692321052AA1}.Debug|iPhoneSimulator.ActiveCfg = Debug|iPhoneSimulator
		{F30B056F-6592-47B5-9DF9-692321052AA1}.Debug|iPhoneSimulator.Build.0 = Debug|iPhoneSimulator
		{F30B056F-6592-47B5-9DF9-692321052AA1}.Debug|iPhoneSimulator.Deploy.0 = Debug|iPhoneSimulator
		{F30B056F-6592-47B5-9DF9-692321052AA1}.Release|Any CPU.ActiveCfg = Release|iPhone
		{F30B056F-6592-47B5-9DF9-692321052AA1}.Release|Any CPU.Build.0 = Release|iPhone
		{F30B056F-6592-47B5-9DF9-692321052AA1}.Release|Any CPU.Deploy.0 = Release|iPhone
		{F30B056F-6592-47B5-9DF9-692321052AA1}.Release|iPhone.ActiveCfg = Release|iPhone
		{F30B056F-6592-47B5-9DF9-692321052AA1}.Release|iPhone.Build.0 = Release|iPhone
		{F30B056F-6592-47B5-9DF9-692321052AA1}.Release|iPhone.Deploy.0 = Release|iPhone
		{F30B056F-6592-47B5-9DF9-692321052AA1}.Release|iPhoneSimulator.ActiveCfg = Release|iPhoneSimulator
		{F30B056F-6592-47B5-9DF9-692321052AA1}.Release|iPhoneSimulator.Build.0 = Release|iPhoneSimulator
		{F30B056F-6592-47B5-9DF9-692321052AA1}.Release|iPhoneSimulator.Deploy.0 = Release|iPhoneSimulator
		{D12411D9-D1A0-4957-82BD-DDE07FF8C756}.Debug|Any CPU.ActiveCfg = Debug|Any CPU
		{D12411D9-D1A0-4957-82BD-DDE07FF8C756}.Debug|Any CPU.Build.0 = Debug|Any CPU
		{D12411D9-D1A0-4957-82BD-DDE07FF8C756}.Debug|Any CPU.Deploy.0 = Debug|Any CPU
		{D12411D9-D1A0-4957-82BD-DDE07FF8C756}.Debug|iPhone.ActiveCfg = Debug|Any CPU
		{D12411D9-D1A0-4957-82BD-DDE07FF8C756}.Debug|iPhone.Build.0 = Debug|Any CPU
		{D12411D9-D1A0-4957-82BD-DDE07FF8C756}.Debug|iPhone.Deploy.0 = Debug|Any CPU
		{D12411D9-D1A0-4957-82BD-DDE07FF8C756}.Debug|iPhoneSimulator.ActiveCfg = Debug|Any CPU
		{D12411D9-D1A0-4957-82BD-DDE07FF8C756}.Debug|iPhoneSimulator.Build.0 = Debug|Any CPU
		{D12411D9-D1A0-4957-82BD-DDE07FF8C756}.Debug|iPhoneSimulator.Deploy.0 = Debug|Any CPU
		{D12411D9-D1A0-4957-82BD-DDE07FF8C756}.Release|Any CPU.ActiveCfg = Release|Any CPU
		{D12411D9-D1A0-4957-82BD-DDE07FF8C756}.Release|Any CPU.Build.0 = Release|Any CPU
		{D12411D9-D1A0-4957-82BD-DDE07FF8C756}.Release|Any CPU.Deploy.0 = Release|Any CPU
		{D12411D9-D1A0-4957-82BD-DDE07FF8C756}.Release|iPhone.ActiveCfg = Release|Any CPU
		{D12411D9-D1A0-4957-82BD-DDE07FF8C756}.Release|iPhone.Build.0 = Release|Any CPU
		{D12411D9-D1A0-4957-82BD-DDE07FF8C756}.Release|iPhone.Deploy.0 = Release|Any CPU
		{D12411D9-D1A0-4957-82BD-DDE07FF8C756}.Release|iPhoneSimulator.ActiveCfg = Release|Any CPU
		{D12411D9-D1A0-4957-82BD-DDE07FF8C756}.Release|iPhoneSimulator.Build.0 = Release|Any CPU
		{D12411D9-D1A0-4957-82BD-DDE07FF8C756}.Release|iPhoneSimulator.Deploy.0 = Release|Any CPU
		{9EAB51DF-5D35-40E5-92B2-00206F3EB440}.Debug|Any CPU.ActiveCfg = Debug|Any CPU
		{9EAB51DF-5D35-40E5-92B2-00206F3EB440}.Debug|Any CPU.Build.0 = Debug|Any CPU
		{9EAB51DF-5D35-40E5-92B2-00206F3EB440}.Debug|iPhone.ActiveCfg = Debug|Any CPU
		{9EAB51DF-5D35-40E5-92B2-00206F3EB440}.Debug|iPhone.Build.0 = Debug|Any CPU
		{9EAB51DF-5D35-40E5-92B2-00206F3EB440}.Debug|iPhoneSimulator.ActiveCfg = Debug|Any CPU
		{9EAB51DF-5D35-40E5-92B2-00206F3EB440}.Debug|iPhoneSimulator.Build.0 = Debug|Any CPU
		{9EAB51DF-5D35-40E5-92B2-00206F3EB440}.Release|Any CPU.ActiveCfg = Release|Any CPU
		{9EAB51DF-5D35-40E5-92B2-00206F3EB440}.Release|Any CPU.Build.0 = Release|Any CPU
		{9EAB51DF-5D35-40E5-92B2-00206F3EB440}.Release|iPhone.ActiveCfg = Release|Any CPU
		{9EAB51DF-5D35-40E5-92B2-00206F3EB440}.Release|iPhone.Build.0 = Release|Any CPU
		{9EAB51DF-5D35-40E5-92B2-00206F3EB440}.Release|iPhoneSimulator.ActiveCfg = Release|Any CPU
		{9EAB51DF-5D35-40E5-92B2-00206F3EB440}.Release|iPhoneSimulator.Build.0 = Release|Any CPU
	EndGlobalSection
	GlobalSection(SolutionProperties) = preSolution
		HideSolutionNode = FALSE
	EndGlobalSection
	GlobalSection(ExtensibilityGlobals) = postSolution
		SolutionGuid = {EEE469E0-F3C3-401F-A1B7-28F33E232501}
	EndGlobalSection
EndGlobal
